
Microsoft Visual Studio Solution File, Format Version 12.00
# Visual Studio Version 17
VisualStudioVersion = 17.14.36705.20 d17.14
MinimumVisualStudioVersion = 10.0.40219.1
Project("{888888A0-9F3D-457C-B088-3A5042F75D52}") = "25.12.23", "25.12.23.pyproj", "{F8165E78-DC9A-48E2-AC76-E4F4BA5AEE3F}"
EndProject
Global
	GlobalSection(SolutionConfigurationPlatforms) = preSolution
		Debug|Any CPU = Debug|Any CPU
		Release|Any CPU = Release|Any CPU
	EndGlobalSection
	GlobalSection(ProjectConfigurationPlatforms) = postSolution
		{F8165E78-DC9A-48E2-AC76-E4F4BA5AEE3F}.Debug|Any CPU.ActiveCfg = Debug|Any CPU
		{F8165E78-DC9A-48E2-AC76-E4F4BA5AEE3F}.Release|Any CPU.ActiveCfg = Release|Any CPU
	EndGlobalSection
	GlobalSection(SolutionProperties) = preSolution
		HideSolutionNode = FALSE
	EndGlobalSection
	GlobalSection(ExtensibilityGlobals) = postSolution
		SolutionGuid = {DEAE5D7C-49FC-4B33-AD65-1CB40FF742D7}
	EndGlobalSection
EndGlobal
